<?xml version="1.0" encoding="utf-8"?>
<Project ToolsVersion="4.0" xmlns="http://schemas.microsoft.com/developer/msbuild/2003">
  <ItemGroup>
    <Filter Include="Source Files">
      <UniqueIdentifier>{4FC737F1-C7A5-4376-A066-2A32D752A2FF}</UniqueIdentifier>
      <Extensions>cpp;c;cc;cxx;def;odl;idl;hpj;bat;asm;asmx</Extensions>
    </Filter>
    <Filter Include="Header Files">
      <UniqueIdentifier>{93995380-89BD-4b04-88EB-625FBE52EBFB}</UniqueIdentifier>
      <Extensions>h;hh;hpp;hxx;hm;inl;inc;xsd</Extensions>
    </Filter>
    <Filter Include="Resource Files">
      <UniqueIdentifier>{67DA6AB6-F800-4c08-8B7A-83BB121AAD01}</UniqueIdentifier>
      <Extensions>rc;ico;cur;bmp;dlg;rc2;rct;bin;rgs;gif;jpg;jpeg;jpe;resx;tiff;tif;png;wav;mfcribbon-ms</Extensions>
    </Filter>
    <Filter Include="Header Files\dokan">
      <UniqueIdentifier>{e58d3af7-d6c0-4d7c-8869-49e91f315004}</UniqueIdentifier>
    </Filter>
  </ItemGroup>
  <ItemGroup>
    <ClInclude Include="device.h">
      <Filter>Header Files</Filter>
    </ClInclude>
    <ClInclude Include="kmd.h">
      <Filter>Header Files</Filter>
    </ClInclude>
    <ClInclude Include="memdump.h">
      <Filter>Header Files</Filter>
    </ClInclude>
    <ClInclude Include="pcileech.h">
      <Filter>Header Files</Filter>
    </ClInclude>
    <ClInclude Include="shellcode.h">
      <Filter>Header Files</Filter>
    </ClInclude>
    <ClInclude Include="util.h">
      <Filter>Header Files</Filter>
    </ClInclude>
    <ClInclude Include="mempatch.h">
      <Filter>Header Files</Filter>
    </ClInclude>
    <ClInclude Include="help.h">
      <Filter>Header Files</Filter>
    </ClInclude>
    <ClInclude Include="executor.h">
      <Filter>Header Files</Filter>
    </ClInclude>
    <ClInclude Include="extra.h">
      <Filter>Header Files</Filter>
    </ClInclude>
    <ClInclude Include="statistics.h">
      <Filter>Header Files</Filter>
    </ClInclude>
    <ClInclude Include="vfs.h">
      <Filter>Header Files</Filter>
    </ClInclude>
    <ClInclude Include="dokan.h">
      <Filter>Header Files\dokan</Filter>
    </ClInclude>
    <ClInclude Include="device3380.h">
      <Filter>Header Files</Filter>
    </ClInclude>
    <ClInclude Include="tlp.h">
      <Filter>Header Files</Filter>
    </ClInclude>
    <ClInclude Include="oscompatibility.h">
      <Filter>Header Files</Filter>
    </ClInclude>
    <ClInclude Include="device605_tcp.h">
      <Filter>Header Files</Filter>
    </ClInclude>
    <ClInclude Include="devicefpga.h">
      <Filter>Header Files</Filter>
    </ClInclude>
    <ClInclude Include="vmm.h">
      <Filter>Header Files</Filter>
    </ClInclude>
    <ClInclude Include="vmmproc.h">
      <Filter>Header Files</Filter>
    </ClInclude>
    <ClInclude Include="vmmvfs.h">
      <Filter>Header Files</Filter>
    </ClInclude>
    <ClInclude Include="devicefile.h">
      <Filter>Header Files</Filter>
    </ClInclude>
  </ItemGroup>
  <ItemGroup>
    <ClCompile Include="device.c">
      <Filter>Source Files</Filter>
    </ClCompile>
    <ClCompile Include="kmd.c">
      <Filter>Source Files</Filter>
    </ClCompile>
    <ClCompile Include="memdump.c">
      <Filter>Source Files</Filter>
    </ClCompile>
    <ClCompile Include="pcileech.c">
      <Filter>Source Files</Filter>
    </ClCompile>
    <ClCompile Include="util.c">
      <Filter>Source Files</Filter>
    </ClCompile>
    <ClCompile Include="mempatch.c">
      <Filter>Source Files</Filter>
    </ClCompile>
    <ClCompile Include="help.c">
      <Filter>Source Files</Filter>
    </ClCompile>
    <ClCompile Include="executor.c">
      <Filter>Source Files</Filter>
    </ClCompile>
    <ClCompile Include="extra.c">
      <Filter>Source Files</Filter>
    </ClCompile>
    <ClCompile Include="statistics.c">
      <Filter>Source Files</Filter>
    </ClCompile>
    <ClCompile Include="vfs.c">
      <Filter>Source Files</Filter>
    </ClCompile>
    <ClCompile Include="device3380.c">
      <Filter>Source Files</Filter>
    </ClCompile>
    <ClCompile Include="tlp.c">
      <Filter>Source Files</Filter>
    </ClCompile>
    <ClCompile Include="oscompatibility.c">
      <Filter>Source Files</Filter>
    </ClCompile>
    <ClCompile Include="device605_tcp.c">
      <Filter>Source Files</Filter>
    </ClCompile>
    <ClCompile Include="devicefpga.c">
      <Filter>Source Files</Filter>
    </ClCompile>
    <ClCompile Include="devicefile.c">
      <Filter>Source Files</Filter>
    </ClCompile>
    <ClCompile Include="vmm.c">
      <Filter>Source Files</Filter>
    </ClCompile>
    <ClCompile Include="vmmproc.c">
      <Filter>Source Files</Filter>
    </ClCompile>
    <ClCompile Include="vmmvfs.c">
      <Filter>Source Files</Filter>
    </ClCompile>
  </ItemGroup>
  <ItemGroup>
    <None Include="Makefile">
      <Filter>Resource Files</Filter>
    </None>
    <None Include="Android.mk">
      <Filter>Resource Files</Filter>
    </None>
  </ItemGroup>
</Project>